
Microsoft Visual Studio Solution File, Format Version 12.00
# Visual Studio Version 17
VisualStudioVersion = 17.6.33829.357
MinimumVisualStudioVersion = 10.0.40219.1
Project("{9A19103F-16F7-4668-BE54-9A1E7A4F7556}") = "Intern.WebAPI", "Intern.WebAPI\Intern.WebAPI.csproj", "{7F08FCB6-E086-421D-8BC1-BD9D7C45DC80}"
EndProject
Project("{9A19103F-16F7-4668-BE54-9A1E7A4F7556}") = "Intern.ConsoleApp", "Intern.ConsoleApp\Intern.ConsoleApp.csproj", "{50A121E6-BA80-4AF4-B938-786F73D807EC}"
EndProject
Project("{9A19103F-16F7-4668-BE54-9A1E7A4F7556}") = "DataAccessLayer", "DataAccessLayer\DataAccessLayer.csproj", "{95867BCB-64AA-4F40-9AD3-076D0BDDCCF2}"
EndProject
Project("{9A19103F-16F7-4668-BE54-9A1E7A4F7556}") = "EntityLayer", "EntityLayer\EntityLayer.csproj", "{B74536D8-6111-45B3-A2AD-572C56C7D1F8}"
EndProject
Project("{FAE04EC0-301F-11D3-BF4B-00C04F79EFBC}") = "WebUIReact", "WebUIReact\WebUIReact.csproj", "{7B30E553-CA44-48B7-91A8-CE59B17F0652}"
EndProject
Global
	GlobalSection(SolutionConfigurationPlatforms) = preSolution
		Debug|Any CPU = Debug|Any CPU
		Release|Any CPU = Release|Any CPU
	EndGlobalSection
	GlobalSection(ProjectConfigurationPlatforms) = postSolution
		{7F08FCB6-E086-421D-8BC1-BD9D7C45DC80}.Debug|Any CPU.ActiveCfg = Debug|Any CPU
		{7F08FCB6-E086-421D-8BC1-BD9D7C45DC80}.Debug|Any CPU.Build.0 = Debug|Any CPU
		{7F08FCB6-E086-421D-8BC1-BD9D7C45DC80}.Release|Any CPU.ActiveCfg = Release|Any CPU
		{7F08FCB6-E086-421D-8BC1-BD9D7C45DC80}.Release|Any CPU.Build.0 = Release|Any CPU
		{50A121E6-BA80-4AF4-B938-786F73D807EC}.Debug|Any CPU.ActiveCfg = Debug|Any CPU
		{50A121E6-BA80-4AF4-B938-786F73D807EC}.Debug|Any CPU.Build.0 = Debug|Any CPU
		{50A121E6-BA80-4AF4-B938-786F73D807EC}.Release|Any CPU.ActiveCfg = Release|Any CPU
		{50A121E6-BA80-4AF4-B938-786F73D807EC}.Release|Any CPU.Build.0 = Release|Any CPU
		{95867BCB-64AA-4F40-9AD3-076D0BDDCCF2}.Debug|Any CPU.ActiveCfg = Debug|Any CPU
		{95867BCB-64AA-4F40-9AD3-076D0BDDCCF2}.Debug|Any CPU.Build.0 = Debug|Any CPU
		{95867BCB-64AA-4F40-9AD3-076D0BDDCCF2}.Release|Any CPU.ActiveCfg = Release|Any CPU
		{95867BCB-64AA-4F40-9AD3-076D0BDDCCF2}.Release|Any CPU.Build.0 = Release|Any CPU
		{B74536D8-6111-45B3-A2AD-572C56C7D1F8}.Debug|Any CPU.ActiveCfg = Debug|Any CPU
		{B74536D8-6111-45B3-A2AD-572C56C7D1F8}.Debug|Any CPU.Build.0 = Debug|Any CPU
		{B74536D8-6111-45B3-A2AD-572C56C7D1F8}.Release|Any CPU.ActiveCfg = Release|Any CPU
		{B74536D8-6111-45B3-A2AD-572C56C7D1F8}.Release|Any CPU.Build.0 = Release|Any CPU
		{7B30E553-CA44-48B7-91A8-CE59B17F0652}.Debug|Any CPU.ActiveCfg = Debug|Any CPU
		{7B30E553-CA44-48B7-91A8-CE59B17F0652}.Debug|Any CPU.Build.0 = Debug|Any CPU
		{7B30E553-CA44-48B7-91A8-CE59B17F0652}.Release|Any CPU.ActiveCfg = Release|Any CPU
		{7B30E553-CA44-48B7-91A8-CE59B17F0652}.Release|Any CPU.Build.0 = Release|Any CPU
	EndGlobalSection
	GlobalSection(SolutionProperties) = preSolution
		HideSolutionNode = FALSE
	EndGlobalSection
	GlobalSection(ExtensibilityGlobals) = postSolution
		SolutionGuid = {51EEC6D3-181F-4268-AB1E-3626D70A5F73}
	EndGlobalSection
EndGlobal
